
Microsoft Visual Studio Solution File, Format Version 12.00
# Visual Studio 15
VisualStudioVersion = 15.0.27130.2020
MinimumVisualStudioVersion = 10.0.40219.1
Project("{FAE04EC0-301F-11D3-BF4B-00C04F79EFBC}") = "XamarinScannerAndroid", "XamarinScannerAndroid\XamarinScannerAndroid.csproj", "{63D9B4CE-A2BC-42F9-8CE1-DD578513C6F9}"
EndProject
Project("{2150E333-8FDC-42A3-9474-1A3956D46DE8}") = "Solution Items", "Solution Items", "{B181DAC8-9B49-47F7-AE2B-8B899385CDF1}"
	ProjectSection(SolutionItems) = preProject
		J:\HSM EULA.txt = J:\HSM EULA.txt
	EndProjectSection
EndProject
Global
	GlobalSection(SolutionConfigurationPlatforms) = preSolution
		Debug|Any CPU = Debug|Any CPU
		Release|Any CPU = Release|Any CPU
	EndGlobalSection
	GlobalSection(ProjectConfigurationPlatforms) = postSolution
		{63D9B4CE-A2BC-42F9-8CE1-DD578513C6F9}.Debug|Any CPU.ActiveCfg = Debug|Any CPU
		{63D9B4CE-A2BC-42F9-8CE1-DD578513C6F9}.Debug|Any CPU.Build.0 = Debug|Any CPU
		{63D9B4CE-A2BC-42F9-8CE1-DD578513C6F9}.Debug|Any CPU.Deploy.0 = Debug|Any CPU
		{63D9B4CE-A2BC-42F9-8CE1-DD578513C6F9}.Release|Any CPU.ActiveCfg = Release|Any CPU
		{63D9B4CE-A2BC-42F9-8CE1-DD578513C6F9}.Release|Any CPU.Build.0 = Release|Any CPU
		{63D9B4CE-A2BC-42F9-8CE1-DD578513C6F9}.Release|Any CPU.Deploy.0 = Release|Any CPU
	EndGlobalSection
	GlobalSection(SolutionProperties) = preSolution
		HideSolutionNode = FALSE
	EndGlobalSection
	GlobalSection(ExtensibilityGlobals) = postSolution
		SolutionGuid = {C4F903D6-0DC1-4B1E-BED9-B16FD7FAB61E}
	EndGlobalSection
EndGlobal
